<Solution Description="Visual Studio slnx file generated by Premake" Version="1.4">
  <Configurations>
    <BuildType Name="Debug" />
    <BuildType Name="Dist" />
    <BuildType Name="Release" />
    <Platform Name="x64" />
  </Configurations>
  <Project Path="Futura\Futura.vcxproj" Id="7CF0AEB3-6892-D989-514D-EDDD3D8E60DA" DefaultStartup="true">
  </Project>
  <Project Path="FuturaLibrary\FuturaLibrary.vcxproj" Id="B150C901-1D11-4538-E64B-8EB552CB8914">
  </Project>
</Solution>